{
  "name": "dalle-image-api",
  "lockfileVersion": 3,
  "requires": true,
  "packages": {
    "": {
      "dependencies": {
        "@types/highlightjs": "^9.12.6",
        "@types/jquery": "^3.5.29",
        "@types/showdown": "^2.0.6"
      }
    },
    "node_modules/@types/highlightjs": {
      "version": "9.12.6",
      "resolved": "https://registry.npmjs.org/@types/highlightjs/-/highlightjs-9.12.6.tgz",
      "integrity": "sha512-Qfd1DUrwE851Hc3tExADJY4qY8yeZMt06Xw9AJm/UtpneepJS3MZY29c33BY0wP899veaaHD4gZzYiSuQm84Fg=="
    },
    "node_modules/@types/jquery": {
      "version": "3.5.29",
      "resolved": "https://registry.npmjs.org/@types/jquery/-/jquery-3.5.29.tgz",
      "integrity": "sha512-oXQQC9X9MOPRrMhPHHOsXqeQDnWeCDT3PelUIg/Oy8FAbzSZtFHRjc7IpbfFVmpLtJ+UOoywpRsuO5Jxjybyeg==",
      "dependencies": {
        "@types/sizzle": "*"
      }
    },
    "node_modules/@types/showdown": {
      "version": "2.0.6",
      "resolved": "https://registry.npmjs.org/@types/showdown/-/showdown-2.0.6.tgz",
      "integrity": "sha512-pTvD/0CIeqe4x23+YJWlX2gArHa8G0J0Oh6GKaVXV7TAeickpkkZiNOgFcFcmLQ5lB/K0qBJL1FtRYltBfbGCQ=="
    },
    "node_modules/@types/sizzle": {
      "version": "2.3.8",
      "resolved": "https://registry.npmjs.org/@types/sizzle/-/sizzle-2.3.8.tgz",
      "integrity": "sha512-0vWLNK2D5MT9dg0iOo8GlKguPAU02QjmZitPEsXRuJXU/OGIOt9vT9Fc26wtYuavLxtO45v9PGleoL9Z0k1LHg=="
    }
  }
}
